
Microsoft Visual Studio Solution File, Format Version 12.00
# Visual Studio Version 17
VisualStudioVersion = 17.10.34928.147
MinimumVisualStudioVersion = 10.0.40219.1
Project("{FAE04EC0-301F-11D3-BF4B-00C04F79EFBC}") = "TheLift", "TheLift\TheLift.csproj", "{00E5D2E2-4AAB-4585-B187-D19E25F31B06}"
EndProject
Global
	GlobalSection(SolutionConfigurationPlatforms) = preSolution
		Debug|Any CPU = Debug|Any CPU
		Release|Any CPU = Release|Any CPU
	EndGlobalSection
	GlobalSection(ProjectConfigurationPlatforms) = postSolution
		{00E5D2E2-4AAB-4585-B187-D19E25F31B06}.Debug|Any CPU.ActiveCfg = Debug|Any CPU
		{00E5D2E2-4AAB-4585-B187-D19E25F31B06}.Debug|Any CPU.Build.0 = Debug|Any CPU
		{00E5D2E2-4AAB-4585-B187-D19E25F31B06}.Release|Any CPU.ActiveCfg = Release|Any CPU
		{00E5D2E2-4AAB-4585-B187-D19E25F31B06}.Release|Any CPU.Build.0 = Release|Any CPU
	EndGlobalSection
	GlobalSection(SolutionProperties) = preSolution
		HideSolutionNode = FALSE
	EndGlobalSection
	GlobalSection(ExtensibilityGlobals) = postSolution
		SolutionGuid = {57EA70D7-DA20-409B-9757-CF94D189E03E}
	EndGlobalSection
EndGlobal
